# Generated by pub
# See https://dart.dev/tools/pub/glossary#lockfile
packages:
  analyzer:
    dependency: transitive
    description:
      name: analyzer
      url: "https://pub.dartlang.org"
    source: hosted
    version: "0.38.5"
  analyzer_plugin:
    dependency: transitive
    description:
      name: analyzer_plugin
      url: "https://pub.dartlang.org"
    source: hoste
    version: "0.2.1"
  android_intent:
    dependency: "direct main"
    description:
      name: android_intent
      url: "https://pub.dartlang.org"
    source: hosted
    version: "0.3.4+4"
  archive:
    dependency: transitive
    description:
      name: archive
      url: "https://pub.dartlang.org"
    source: hosted
  xml:
    dependency: transitive
    description:
      name: xml
      url: "https://pub.dartlang.org"
    source: hosted
    version: "3.5.0"
  yaml:
    dependency: transitive
    description:
      name: yaml
      url: "https://pub.dartlang.org"
    source: hosted
    version: "2.2.0"
sdks:
  dart: ">2.4.0 <3.0.0"
  flutter: ">=1.10.0 <2.0.0"
